
Microsoft Visual Studio Solution File, Format Version 12.00
# Visual Studio Version 16
VisualStudioVersion = 16.0.30517.126
MinimumVisualStudioVersion = 10.0.40219.1
Project("{FAE04EC0-301F-11D3-BF4B-00C04F79EFBC}") = "NewApp.Android", "NewApp.Android\NewApp.Android.csproj", "{95CA1706-0B29-4275-B391-9D441DF37B6B}"
EndProject
Project("{FAE04EC0-301F-11D3-BF4B-00C04F79EFBC}") = "NewApp.iOS", "NewApp.iOS\NewApp.iOS.csproj", "{83FC2D82-BB82-4E54-9AD8-267945225216}"
EndProject
Project("{FAE04EC0-301F-11D3-BF4B-00C04F79EFBC}") = "NewApp", "NewApp\NewApp.csproj", "{382F8F7D-E835-4453-A1E1-EBB555A196DB}"
EndProject
Global
	GlobalSection(SolutionConfigurationPlatforms) = preSolution
		Debug|Any CPU = Debug|Any CPU
		Debug|iPhone = Debug|iPhone
		Debug|iPhoneSimulator = Debug|iPhoneSimulator
		Release|Any CPU = Release|Any CPU
		Release|iPhone = Release|iPhone
		Release|iPhoneSimulator = Release|iPhoneSimulator
	EndGlobalSection
	GlobalSection(ProjectConfigurationPlatforms) = postSolution
		{95CA1706-0B29-4275-B391-9D441DF37B6B}.Debug|Any CPU.ActiveCfg = Debug|Any CPU
		{95CA1706-0B29-4275-B391-9D441DF37B6B}.Debug|Any CPU.Build.0 = Debug|Any CPU
		{95CA1706-0B29-4275-B391-9D441DF37B6B}.Debug|Any CPU.Deploy.0 = Debug|Any CPU
		{95CA1706-0B29-4275-B391-9D441DF37B6B}.Debug|iPhone.ActiveCfg = Debug|Any CPU
		{95CA1706-0B29-4275-B391-9D441DF37B6B}.Debug|iPhone.Build.0 = Debug|Any CPU
		{95CA1706-0B29-4275-B391-9D441DF37B6B}.Debug|iPhone.Deploy.0 = Debug|Any CPU
		{95CA1706-0B29-4275-B391-9D441DF37B6B}.Debug|iPhoneSimulator.ActiveCfg = Debug|Any CPU
		{95CA1706-0B29-4275-B391-9D441DF37B6B}.Debug|iPhoneSimulator.Build.0 = Debug|Any CPU
		{95CA1706-0B29-4275-B391-9D441DF37B6B}.Debug|iPhoneSimulator.Deploy.0 = Debug|Any CPU
		{95CA1706-0B29-4275-B391-9D441DF37B6B}.Release|Any CPU.ActiveCfg = Release|Any CPU
		{95CA1706-0B29-4275-B391-9D441DF37B6B}.Release|Any CPU.Build.0 = Release|Any CPU
		{95CA1706-0B29-4275-B391-9D441DF37B6B}.Release|Any CPU.Deploy.0 = Release|Any CPU
		{95CA1706-0B29-4275-B391-9D441DF37B6B}.Release|iPhone.ActiveCfg = Release|Any CPU
		{95CA1706-0B29-4275-B391-9D441DF37B6B}.Release|iPhone.Build.0 = Release|Any CPU
		{95CA1706-0B29-4275-B391-9D441DF37B6B}.Release|iPhone.Deploy.0 = Release|Any CPU
		{95CA1706-0B29-4275-B391-9D441DF37B6B}.Release|iPhoneSimulator.ActiveCfg = Release|Any CPU
		{95CA1706-0B29-4275-B391-9D441DF37B6B}.Release|iPhoneSimulator.Build.0 = Release|Any CPU
		{95CA1706-0B29-4275-B391-9D441DF37B6B}.Release|iPhoneSimulator.Deploy.0 = Release|Any CPU
		{83FC2D82-BB82-4E54-9AD8-267945225216}.Debug|Any CPU.ActiveCfg = Debug|iPhone
		{83FC2D82-BB82-4E54-9AD8-267945225216}.Debug|Any CPU.Build.0 = Debug|iPhone
		{83FC2D82-BB82-4E54-9AD8-267945225216}.Debug|Any CPU.Deploy.0 = Debug|iPhone
		{83FC2D82-BB82-4E54-9AD8-267945225216}.Debug|iPhone.ActiveCfg = Debug|iPhone
		{83FC2D82-BB82-4E54-9AD8-267945225216}.Debug|iPhone.Build.0 = Debug|iPhone
		{83FC2D82-BB82-4E54-9AD8-267945225216}.Debug|iPhone.Deploy.0 = Debug|iPhone
		{83FC2D82-BB82-4E54-9AD8-267945225216}.Debug|iPhoneSimulator.ActiveCfg = Debug|iPhoneSimulator
		{83FC2D82-BB82-4E54-9AD8-267945225216}.Debug|iPhoneSimulator.Build.0 = Debug|iPhoneSimulator
		{83FC2D82-BB82-4E54-9AD8-267945225216}.Debug|iPhoneSimulator.Deploy.0 = Debug|iPhoneSimulator
		{83FC2D82-BB82-4E54-9AD8-267945225216}.Release|Any CPU.ActiveCfg = Release|iPhoneSimulator
		{83FC2D82-BB82-4E54-9AD8-267945225216}.Release|Any CPU.Build.0 = Release|iPhoneSimulator
		{83FC2D82-BB82-4E54-9AD8-267945225216}.Release|Any CPU.Deploy.0 = Release|iPhoneSimulator
		{83FC2D82-BB82-4E54-9AD8-267945225216}.Release|iPhone.ActiveCfg = Release|iPhone
		{83FC2D82-BB82-4E54-9AD8-267945225216}.Release|iPhone.Build.0 = Release|iPhone
		{83FC2D82-BB82-4E54-9AD8-267945225216}.Release|iPhone.Deploy.0 = Release|iPhone
		{83FC2D82-BB82-4E54-9AD8-267945225216}.Release|iPhoneSimulator.ActiveCfg = Release|iPhoneSimulator
		{83FC2D82-BB82-4E54-9AD8-267945225216}.Release|iPhoneSimulator.Build.0 = Release|iPhoneSimulator
		{83FC2D82-BB82-4E54-9AD8-267945225216}.Release|iPhoneSimulator.Deploy.0 = Release|iPhoneSimulator
		{382F8F7D-E835-4453-A1E1-EBB555A196DB}.Debug|Any CPU.ActiveCfg = Debug|Any CPU
		{382F8F7D-E835-4453-A1E1-EBB555A196DB}.Debug|Any CPU.Build.0 = Debug|Any CPU
		{382F8F7D-E835-4453-A1E1-EBB555A196DB}.Debug|Any CPU.Deploy.0 = Debug|Any CPU
		{382F8F7D-E835-4453-A1E1-EBB555A196DB}.Debug|iPhone.ActiveCfg = Debug|Any CPU
		{382F8F7D-E835-4453-A1E1-EBB555A196DB}.Debug|iPhone.Build.0 = Debug|Any CPU
		{382F8F7D-E835-4453-A1E1-EBB555A196DB}.Debug|iPhone.Deploy.0 = Debug|Any CPU
		{382F8F7D-E835-4453-A1E1-EBB555A196DB}.Debug|iPhoneSimulator.ActiveCfg = Debug|Any CPU
		{382F8F7D-E835-4453-A1E1-EBB555A196DB}.Debug|iPhoneSimulator.Build.0 = Debug|Any CPU
		{382F8F7D-E835-4453-A1E1-EBB555A196DB}.Debug|iPhoneSimulator.Deploy.0 = Debug|Any CPU
		{382F8F7D-E835-4453-A1E1-EBB555A196DB}.Release|Any CPU.ActiveCfg = Release|Any CPU
		{382F8F7D-E835-4453-A1E1-EBB555A196DB}.Release|Any CPU.Build.0 = Release|Any CPU
		{382F8F7D-E835-4453-A1E1-EBB555A196DB}.Release|Any CPU.Deploy.0 = Release|Any CPU
		{382F8F7D-E835-4453-A1E1-EBB555A196DB}.Release|iPhone.ActiveCfg = Release|Any CPU
		{382F8F7D-E835-4453-A1E1-EBB555A196DB}.Release|iPhone.Build.0 = Release|Any CPU
		{382F8F7D-E835-4453-A1E1-EBB555A196DB}.Release|iPhone.Deploy.0 = Release|Any CPU
		{382F8F7D-E835-4453-A1E1-EBB555A196DB}.Release|iPhoneSimulator.ActiveCfg = Release|Any CPU
		{382F8F7D-E835-4453-A1E1-EBB555A196DB}.Release|iPhoneSimulator.Build.0 = Release|Any CPU
		{382F8F7D-E835-4453-A1E1-EBB555A196DB}.Release|iPhoneSimulator.Deploy.0 = Release|Any CPU
	EndGlobalSection
	GlobalSection(SolutionProperties) = preSolution
		HideSolutionNode = FALSE
	EndGlobalSection
	GlobalSection(ExtensibilityGlobals) = postSolution
		SolutionGuid = {84C95A18-089A-4B6E-9E7F-C5DD7B16E00F}
	EndGlobalSection
EndGlobal
